Microsoft Visual Studio Solution File, Format Version 12.00
# Visual Studio Version 17
VisualStudioVersion = 17.8.34330.188
MinimumVisualStudioVersion = 10.0.40219.1
Project("{9A19103F-16F7-4668-BE54-9A1E7A4F7556}") = "PokerPolker", "PokerPolker\PokerPolker.csproj", "{FF2ED4C1-BD48-4511-8383-D490C7811412}"
EndProject
Project("{9A19103F-16F7-4668-BE54-9A1E7A4F7556}") = "PokerTestConsole", "PokerTestConsole\PokerTestConsole.csproj", "{5C0E16D3-421A-44F1-9088-5FD7CDA514C9}"
EndProject
Project("{FAE04EC0-301F-11D3-BF4B-00C04F79EFBC}") = "PokerPolker.Server", "PokerPolker.Server\PokerPolker.Server.csproj", "{5E5BCD4B-0DE9-4847-B5C6-3F31CC21DD9B}"
EndProject
Project("{FAE04EC0-301F-11D3-BF4B-00C04F79EFBC}") = "PokerPolker.Client", "PokerPolker.Client\PokerPolker.Client.csproj", "{68940746-4AEF-400F-8A3B-AF2CA7920897}"
EndProject
Project("{FAE04EC0-301F-11D3-BF4B-00C04F79EFBC}") = "PokerPolker.EventBroker", "PokerPolker.EventBroker\PokerPolker.EventBroker.csproj", "{8C2830AD-56B6-4F0B-9721-1883FC276641}"
EndProject
Global
	GlobalSection(SolutionConfigurationPlatforms) = preSolution
		Debug|Any CPU = Debug|Any CPU
		Release|Any CPU = Release|Any CPU
	EndGlobalSection
	GlobalSection(ProjectConfigurationPlatforms) = postSolution
		{FF2ED4C1-BD48-4511-8383-D490C7811412}.Debug|Any CPU.ActiveCfg = Debug|Any CPU
		{FF2ED4C1-BD48-4511-8383-D490C7811412}.Debug|Any CPU.Build.0 = Debug|Any CPU
		{FF2ED4C1-BD48-4511-8383-D490C7811412}.Release|Any CPU.ActiveCfg = Release|Any CPU
		{FF2ED4C1-BD48-4511-8383-D490C7811412}.Release|Any CPU.Build.0 = Release|Any CPU
		{5C0E16D3-421A-44F1-9088-5FD7CDA514C9}.Debug|Any CPU.ActiveCfg = Debug|Any CPU
		{5C0E16D3-421A-44F1-9088-5FD7CDA514C9}.Debug|Any CPU.Build.0 = Debug|Any CPU
		{5C0E16D3-421A-44F1-9088-5FD7CDA514C9}.Release|Any CPU.ActiveCfg = Release|Any CPU
		{5C0E16D3-421A-44F1-9088-5FD7CDA514C9}.Release|Any CPU.Build.0 = Release|Any CPU
		{5E5BCD4B-0DE9-4847-B5C6-3F31CC21DD9B}.Debug|Any CPU.ActiveCfg = Debug|Any CPU
		{5E5BCD4B-0DE9-4847-B5C6-3F31CC21DD9B}.Debug|Any CPU.Build.0 = Debug|Any CPU
		{5E5BCD4B-0DE9-4847-B5C6-3F31CC21DD9B}.Release|Any CPU.ActiveCfg = Release|Any CPU
		{5E5BCD4B-0DE9-4847-B5C6-3F31CC21DD9B}.Release|Any CPU.Build.0 = Release|Any CPU
		{68940746-4AEF-400F-8A3B-AF2CA7920897}.Debug|Any CPU.ActiveCfg = Debug|Any CPU
		{68940746-4AEF-400F-8A3B-AF2CA7920897}.Debug|Any CPU.Build.0 = Debug|Any CPU
		{68940746-4AEF-400F-8A3B-AF2CA7920897}.Release|Any CPU.ActiveCfg = Release|Any CPU
		{68940746-4AEF-400F-8A3B-AF2CA7920897}.Release|Any CPU.Build.0 = Release|Any CPU
		{8C2830AD-56B6-4F0B-9721-1883FC276641}.Debug|Any CPU.ActiveCfg = Debug|Any CPU
		{8C2830AD-56B6-4F0B-9721-1883FC276641}.Debug|Any CPU.Build.0 = Debug|Any CPU
		{8C2830AD-56B6-4F0B-9721-1883FC276641}.Release|Any CPU.ActiveCfg = Release|Any CPU
		{8C2830AD-56B6-4F0B-9721-1883FC276641}.Release|Any CPU.Build.0 = Release|Any CPU
	EndGlobalSection
	GlobalSection(SolutionProperties) = preSolution
		HideSolutionNode = FALSE
	EndGlobalSection
	GlobalSection(ExtensibilityGlobals) = postSolution
		SolutionGuid = {96BDEB18-8CE1-4133-993C-B5FF9C63E1E5}
	EndGlobalSection
EndGlobal
